// !$*UTF8*$!
{
	archiveVersion = 1;
	classes = {
	};
	objectVersion = 46;
	objects = {

/* Begin PBXBuildFile section */
		22537BF11EA662E0009F7D59 /* AppDelegate.swift in Sources */ = {isa = PBXBuildFile; fileRef = 22537BF01EA662E0009F7D59 /* AppDelegate.swift */; };
		22537BF61EA662E0009F7D59 /* Main.storyboard in Resources */ = {isa = PBXBuildFile; fileRef = 22537BF41EA662E0009F7D59 /* Main.storyboard */; };
		22537BF81EA662E0009F7D59 /* Assets.xcassets in Resources */ = {isa = PBXBuildFile; fileRef = 22537BF71EA662E0009F7D59 /* Assets.xcassets */; };
		22537BFB1EA662E0009F7D59 /* LaunchScreen.storyboard in Resources */ = {isa = PBXBuildFile; fileRef = 22537BF91EA662E0009F7D59 /* LaunchScreen.storyboard */; };
		22537C031EA6631C009F7D59 /* ScrollerController.swift in Sources */ = {isa = PBXBuildFile; fileRef = 22537C021EA6631C009F7D59 /* ScrollerController.swift */; };
		22CBF44D1ED70F6A00039212 /* Foundation.framework in Frameworks */ = {isa = PBXBuildFile; fileRef = 22CBF44C1ED70F6A00039212 /* Foundation.framework */; };
		22CD7DAB1ED6F8BF00E87A5B /* BLE.swift in Sources */ = {isa = PBXBuildFile; fileRef = 22CD7DAA1ED6F8BF00E87A5B /* BLE.swift */; };
		22CD7DAF1ED6FE1C00E87A5B /* CoreBluetooth.framework in Frameworks */ = {isa = PBXBuildFile; fileRef = 22CD7DAD1ED6F9FA00E87A5B /* CoreBluetooth.framework */; };
/* End PBXBuildFile section */

/* Begin PBXFileReference section */
		22537BED1EA662E0009F7D59 /* Scroller 2.app */ = {isa = PBXFileReference; explicitFileType = wrapper.application; includeInIndex = 0; path = "Scroller 2.app"; sourceTree = BUILT_PRODUCTS_DIR; };
		22537BF01EA662E0009F7D59 /* AppDelegate.swift */ = {isa = PBXFileReference; lastKnownFileType = sourcecode.swift; path = AppDelegate.swift; sourceTree = "<group>"; };
		22537BF51EA662E0009F7D59 /* Base */ = {isa = PBXFileReference; lastKnownFileType = file.storyboard; name = Base; path = Base.lproj/Main.storyboard; sourceTree = "<group>"; };
		22537BF71EA662E0009F7D59 /* Assets.xcassets */ = {isa = PBXFileReference; lastKnownFileType = folder.assetcatalog; path = Assets.xcassets; sourceTree = "<group>"; };
		22537BFA1EA662E0009F7D59 /* Base */ = {isa = PBXFileReference; lastKnownFileType = file.storyboard; name = Base; path = Base.lproj/LaunchScreen.storyboard; sourceTree = "<group>"; };
		22537BFC1EA662E0009F7D59 /* Info.plist */ = {isa = PBXFileReference; lastKnownFileType = text.plist.xml; path = Info.plist; sourceTree = "<group>"; };
		22537C021EA6631C009F7D59 /* ScrollerController.swift */ = {isa = PBXFileReference; fileEncoding = 4; lastKnownFileType = sourcecode.swift; path = ScrollerController.swift; sourceTree = "<group>"; };
		22CBF44C1ED70F6A00039212 /* Foundation.framework */ = {isa = PBXFileReference; lastKnownFileType = wrapper.framework; name = Foundation.framework; path = System/Library/Frameworks/Foundation.framework; sourceTree = SDKROOT; };
		22CD7DAA1ED6F8BF00E87A5B /* BLE.swift */ = {isa = PBXFileReference; fileEncoding = 4; lastKnownFileType = sourcecode.swift; path = BLE.swift; sourceTree = "<group>"; };
		22CD7DAD1ED6F9FA00E87A5B /* CoreBluetooth.framework */ = {isa = PBXFileReference; lastKnownFileType = wrapper.framework; name = CoreBluetooth.framework; path = System/Library/Frameworks/CoreBluetooth.framework; sourceTree = SDKROOT; };
/* End PBXFileReference section */

/* Begin PBXFrameworksBuildPhase section */
		22537BEA1EA662E0009F7D59 /* Frameworks */ = {
			isa = PBXFrameworksBuildPhase;
			buildActionMask = 2147483647;
			files = (
				22CBF44D1ED70F6A00039212 /* Foundation.framework in Frameworks */,
				22CD7DAF1ED6FE1C00E87A5B /* CoreBluetooth.framework in Frameworks */,
			);
			runOnlyForDeploymentPostprocessing = 0;
		};
/* End PBXFrameworksBuildPhase section */

/* Begin PBXGroup section */
		22537BE41EA662E0009F7D59 = {
			isa = PBXGroup;
			children = (
				22537BEF1EA662E0009F7D59 /* scroller */,
				22537BEE1EA662E0009F7D59 /* Products */,
				22CD7DAC1ED6F9FA00E87A5B /* Frameworks */,
			);
			sourceTree = "<group>";
		};
		22537BEE1EA662E0009F7D59 /* Products */ = {
			isa = PBXGroup;
			children = (
				22537BED1EA662E0009F7D59 /* Scroller 2.app */,
			);
			name = Products;
			sourceTree = "<group>";
		};
		22537BEF1EA662E0009F7D59 /* scroller */ = {
			isa = PBXGroup;
			children = (
				22CD7DAA1ED6F8BF00E87A5B /* BLE.swift */,
				22537BF01EA662E0009F7D59 /* AppDelegate.swift */,
				22537BF41EA662E0009F7D59 /* Main.storyboard */,
				22537C021EA6631C009F7D59 /* ScrollerController.swift */,
				22537BF71EA662E0009F7D59 /* Assets.xcassets */,
				22537BF91EA662E0009F7D59 /* LaunchScreen.storyboard */,
				22537BFC1EA662E0009F7D59 /* Info.plist */,
			);
			path = scroller;
			sourceTree = "<group>";
		};
		22CD7DAC1ED6F9FA00E87A5B /* Frameworks */ = {
			isa = PBXGroup;
			children = (
				22CBF44C1ED70F6A00039212 /* Foundation.framework */,
				22CD7DAD1ED6F9FA00E87A5B /* CoreBluetooth.framework */,
			);
			name = Frameworks;
			sourceTree = "<group>";
		};
/* End PBXGroup section */

/* Begin PBXNativeTarget section */
		22537BEC1EA662E0009F7D59 /* Scroller 2 */ = {
			isa = PBXNativeTarget;
			buildConfigurationList = 22537BFF1EA662E0009F7D59 /* Build configuration list for PBXNativeTarget "Scroller 2" */;
			buildPhases = (
				22537BE91EA662E0009F7D59 /* Sources */,
				22537BEA1EA662E0009F7D59 /* Frameworks */,
				22537BEB1EA662E0009F7D59 /* Resources */,
			);
			buildRules = (
			);
			dependencies = (
			);
			name = "Scroller 2";
			productName = scroller;
			productReference = 22537BED1EA662E0009F7D59 /* Scroller 2.app */;
			productType = "com.apple.product-type.application";
		};
/* End PBXNativeTarget section */

/* Begin PBXProject section */
		22537BE51EA662E0009F7D59 /* Project object */ = {
			isa = PBXProject;
			attributes = {
				LastSwiftUpdateCheck = 0820;
				LastUpgradeCheck = 0820;
				ORGANIZATIONNAME = "tim knapen";
				TargetAttributes = {
					22537BEC1EA662E0009F7D59 = {
						CreatedOnToolsVersion = 8.2.1;
						DevelopmentTeam = JW34245HSE;
						ProvisioningStyle = Automatic;
					};
				};
			};
			buildConfigurationList = 22537BE81EA662E0009F7D59 /* Build configuration list for PBXProject "Scroller 2" */;
			compatibilityVersion = "Xcode 3.2";
			developmentRegion = English;
			hasScannedForEncodings = 0;
			knownRegions = (
				en,
				Base,
			);
			mainGroup = 22537BE41EA662E0009F7D59;
			productRefGroup = 22537BEE1EA662E0009F7D59 /* Products */;
			projectDirPath = "";
			projectRoot = "";
			targets = (
				22537BEC1EA662E0009F7D59 /* Scroller 2 */,
			);
		};
/* End PBXProject section */

/* Begin PBXResourcesBuildPhase section */
		22537BEB1EA662E0009F7D59 /* Resources */ = {
			isa = PBXResourcesBuildPhase;
			buildActionMask = 2147483647;
			files = (
				22537BFB1EA662E0009F7D59 /* LaunchScreen.storyboard in Resources */,
				22537BF81EA662E0009F7D59 /* Assets.xcassets in Resources */,
				22537BF61EA662E0009F7D59 /* Main.storyboard in Resources */,
			);
			runOnlyForDeploymentPostprocessing = 0;
		};
/* End PBXResourcesBuildPhase section */

/* Begin PBXSourcesBuildPhase section */
		22537BE91EA662E0009F7D59 /* Sources */ = {
			isa = PBXSourcesBuildPhase;
			buildActionMask = 2147483647;
			files = (
				22537C031EA6631C009F7D59 /* ScrollerController.swift in Sources */,
				22CD7DAB1ED6F8BF00E87A5B /* BLE.swift in Sources */,
				22537BF11EA662E0009F7D59 /* AppDelegate.swift in Sources */,
			);
			runOnlyForDeploymentPostprocessing = 0;
		};
/* End PBXSourcesBuildPhase section */

/* Begin PBXVariantGroup section */
		22537BF41EA662E0009F7D59 /* Main.storyboard */ = {
			isa = PBXVariantGroup;
			children = (
				22537BF51EA662E0009F7D59 /* Base */,
			);
			name = Main.storyboard;
			sourceTree = "<group>";
		};
		22537BF91EA662E0009F7D59 /* LaunchScreen.storyboard */ = {
			isa = PBXVariantGroup;
			children = (
				22537BFA1EA662E0009F7D59 /* Base */,
			);
			name = LaunchScreen.storyboard;
			sourceTree = "<group>";
		};
/* End PBXVariantGroup section */

/* Begin XCBuildConfiguration section */
		22537BFD1EA662E0009F7D59 /* Debug */ = {
			isa = XCBuildConfiguration;
			buildSettings = {
				ALWAYS_SEARCH_USER_PATHS = NO;
				CLANG_ANALYZER_NONNULL = YES;
				CLANG_CXX_LANGUAGE_STANDARD = "gnu++0x";
				CLANG_CXX_LIBRARY = "libc++";
				CLANG_ENABLE_MODULES = YES;
				CLANG_ENABLE_OBJC_ARC = YES;
				CLANG_WARN_BOOL_CONVERSION = YES;
				CLANG_WARN_CONSTANT_CONVERSION = YES;
				CLANG_WARN_DIRECT_OBJC_ISA_USAGE = YES_ERROR;
				CLANG_WARN_DOCUMENTATION_COMMENTS = YES;
				CLANG_WARN_EMPTY_BODY = YES;
				CLANG_WARN_ENUM_CONVERSION = YES;
				CLANG_WARN_INFINITE_RECURSION = YES;
				CLANG_WARN_INT_CONVERSION = YES;
				CLANG_WARN_OBJC_ROOT_CLASS = YES_ERROR;
				CLANG_WARN_SUSPICIOUS_MOVE = YES;
				CLANG_WARN_UNREACHABLE_CODE = YES;
				CLANG_WARN__DUPLICATE_METHOD_MATCH = YES;
				"CODE_SIGN_IDENTITY[sdk=iphoneos*]" = "iPhone Developer";
				COPY_PHASE_STRIP = NO;
				DEBUG_INFORMATION_FORMAT = dwarf;
				ENABLE_STRICT_OBJC_MSGSEND = YES;
				ENABLE_TESTABILITY = YES;
				GCC_C_LANGUAGE_STANDARD = gnu99;
				GCC_DYNAMIC_NO_PIC = NO;
				GCC_NO_COMMON_BLOCKS = YES;
				GCC_OPTIMIZATION_LEVEL = 0;
				GCC_PREPROCESSOR_DEFINITIONS = (
					"DEBUG=1",
					"$(inherited)",
				);
				GCC_WARN_64_TO_32_BIT_CONVERSION = YES;
				GCC_WARN_ABOUT_RETURN_TYPE = YES_ERROR;
				GCC_WARN_UNDECLARED_SELECTOR = YES;
				GCC_WARN_UNINITIALIZED_AUTOS = YES_AGGRESSIVE;
				GCC_WARN_UNUSED_FUNCTION = YES;
				GCC_WARN_UNUSED_VARIABLE = YES;
				IPHONEOS_DEPLOYMENT_TARGET = 10.2;
				MTL_ENABLE_DEBUG_INFO = YES;
				ONLY_ACTIVE_ARCH = YES;
				SDKROOT = iphoneos;
				SWIFT_ACTIVE_COMPILATION_CONDITIONS = DEBUG;
				SWIFT_OPTIMIZATION_LEVEL = "-Onone";
			};
			name = Debug;
		};
		22537BFE1EA662E0009F7D59 /* Release */ = {
			isa = XCBuildConfiguration;
			buildSettings = {
				ALWAYS_SEARCH_USER_PATHS = NO;
				CLANG_ANALYZER_NONNULL = YES;
				CLANG_CXX_LANGUAGE_STANDARD = "gnu++0x";
				CLANG_CXX_LIBRARY = "libc++";
				CLANG_ENABLE_MODULES = YES;
				CLANG_ENABLE_OBJC_ARC = YES;
				CLANG_WARN_BOOL_CONVERSION = YES;
				CLANG_WARN_CONSTANT_CONVERSION = YES;
				CLANG_WARN_DIRECT_OBJC_ISA_USAGE = YES_ERROR;
				CLANG_WARN_DOCUMENTATION_COMMENTS = YES;
				CLANG_WARN_EMPTY_BODY = YES;
				CLANG_WARN_ENUM_CONVERSION = YES;
				CLANG_WARN_INFINITE_RECURSION = YES;
				CLANG_WARN_INT_CONVERSION = YES;
				CLANG_WARN_OBJC_ROOT_CLASS = YES_ERROR;
				CLANG_WARN_SUSPICIOUS_MOVE = YES;
				CLANG_WARN_UNREACHABLE_CODE = YES;
				CLANG_WARN__DUPLICATE_METHOD_MATCH = YES;
				"CODE_SIGN_IDENTITY[sdk=iphoneos*]" = "iPhone Developer";
				COPY_PHASE_STRIP = NO;
				DEBUG_INFORMATION_FORMAT = "dwarf-with-dsym";
				ENABLE_NS_ASSERTIONS = NO;
				ENABLE_STRICT_OBJC_MSGSEND = YES;
				GCC_C_LANGUAGE_STANDARD = gnu99;
				GCC_NO_COMMON_BLOCKS = YES;
				GCC_WARN_64_TO_32_BIT_CONVERSION = YES;
				GCC_WARN_ABOUT_RETURN_TYPE = YES_ERROR;
				GCC_WARN_UNDECLARED_SELECTOR = YES;
				GCC_WARN_UNINITIALIZED_AUTOS = YES_AGGRESSIVE;
				GCC_WARN_UNUSED_FUNCTION = YES;
				GCC_WARN_UNUSED_VARIABLE = YES;
				IPHONEOS_DEPLOYMENT_TARGET = 10.2;
				MTL_ENABLE_DEBUG_INFO = NO;
				SDKROOT = iphoneos;
				SWIFT_OPTIMIZATION_LEVEL = "-Owholemodule";
				VALIDATE_PRODUCT = YES;
			};
			name = Release;
		};
		22537C001EA662E0009F7D59 /* Debug */ = {
			isa = XCBuildConfiguration;
			buildSettings = {
				ASSETCATALOG_COMPILER_APPICON_NAME = AppIcon;
				DEVELOPMENT_TEAM = JW34245HSE;
				INFOPLIST_FILE = scroller/Info.plist;
				LD_RUNPATH_SEARCH_PATHS = "$(inherited) @executable_path/Frameworks";
				PRODUCT_BUNDLE_IDENTIFIER = be.timknapen.scroller;
				PRODUCT_NAME = "$(TARGET_NAME)";
				SWIFT_VERSION = 3.0;
			};
			name = Debug;
		};
		22537C011EA662E0009F7D59 /* Release */ = {
			isa = XCBuildConfiguration;
			buildSettings = {
				ASSETCATALOG_COMPILER_APPICON_NAME = AppIcon;
				DEVELOPMENT_TEAM = JW34245HSE;
				INFOPLIST_FILE = scroller/Info.plist;
				LD_RUNPATH_SEARCH_PATHS = "$(inherited) @executable_path/Frameworks";
				PRODUCT_BUNDLE_IDENTIFIER = be.timknapen.scroller;
				PRODUCT_NAME = "$(TARGET_NAME)";
				SWIFT_VERSION = 3.0;
			};
			name = Release;
		};
/* End XCBuildConfiguration section */

/* Begin XCConfigurationList section */
		22537BE81EA662E0009F7D59 /* Build configuration list for PBXProject "Scroller 2" */ = {
			isa = XCConfigurationList;
			buildConfigurations = (
				22537BFD1EA662E0009F7D59 /* Debug */,
				22537BFE1EA662E0009F7D59 /* Release */,
			);
			defaultConfigurationIsVisible = 0;
			defaultConfigurationName = Release;
		};
		22537BFF1EA662E0009F7D59 /* Build configuration list for PBXNativeTarget "Scroller 2" */ = {
			isa = XCConfigurationList;
			buildConfigurations = (
				22537C001EA662E0009F7D59 /* Debug */,
				22537C011EA662E0009F7D59 /* Release */,
			);
			defaultConfigurationIsVisible = 0;
			defaultConfigurationName = Release;
		};
/* End XCConfigurationList section */
	};
	rootObject = 22537BE51EA662E0009F7D59 /* Project object */;
}
